
Microsoft Visual Studio Solution File, Format Version 12.00
# Visual Studio Version 17
VisualStudioVersion = 17.6.33801.468
MinimumVisualStudioVersion = 10.0.40219.1
Project("{FAE04EC0-301F-11D3-BF4B-00C04F79EFBC}") = "AUTORIA-CA-MERCADOSSI", "AUTORIA-CA-MERCADOSSI\AUTORIA-CA-MERCADOSSI.csproj", "{872B3932-B968-4149-A1AE-7C3D35517E85}"
EndProject
Global
	GlobalSection(SolutionConfigurationPlatforms) = preSolution
		Debug|Any CPU = Debug|Any CPU
		Release|Any CPU = Release|Any CPU
	EndGlobalSection
	GlobalSection(ProjectConfigurationPlatforms) = postSolution
		{872B3932-B968-4149-A1AE-7C3D35517E85}.Debug|Any CPU.ActiveCfg = Debug|Any CPU
		{872B3932-B968-4149-A1AE-7C3D35517E85}.Debug|Any CPU.Build.0 = Debug|Any CPU
		{872B3932-B968-4149-A1AE-7C3D35517E85}.Release|Any CPU.ActiveCfg = Release|Any CPU
		{872B3932-B968-4149-A1AE-7C3D35517E85}.Release|Any CPU.Build.0 = Release|Any CPU
	EndGlobalSection
	GlobalSection(SolutionProperties) = preSolution
		HideSolutionNode = FALSE
	EndGlobalSection
	GlobalSection(ExtensibilityGlobals) = postSolution
		SolutionGuid = {DAD0173D-BB3D-4B3E-A158-7C7026C1157A}
	EndGlobalSection
EndGlobal
